
Microsoft Visual Studio Solution File, Format Version 12.00
# Visual Studio Version 16
VisualStudioVersion = 16.0.30204.135
MinimumVisualStudioVersion = 10.0.40219.1
Project("{FAE04EC0-301F-11D3-BF4B-00C04F79EFBC}") = "Console1", "Console1\Console1.csproj", "{C035EAE7-B109-4080-B84C-C1F58411584C}"
EndProject
Project("{9A19103F-16F7-4668-BE54-9A1E7A4F7556}") = "HelloMvc", "HelloMvc\HelloMvc.csproj", "{04FA9BEE-4A4C-4E4C-BC46-36C9AB2F812D}"
EndProject
Project("{9A19103F-16F7-4668-BE54-9A1E7A4F7556}") = "BlazorApp1", "BlazorApp1\BlazorApp1.csproj", "{E6B99066-9528-4B5D-A720-2A88DD0568A6}"
EndProject
Project("{9A19103F-16F7-4668-BE54-9A1E7A4F7556}") = "CoreWebApp1", "CoreWebApp1\CoreWebApp1.csproj", "{1823502F-F781-4C9C-AE8C-405B76D898FF}"
EndProject
Project("{2150E333-8FDC-42A3-9474-1A3956D46DE8}") = "UI", "UI", "{AA6F2E88-D717-4A09-AB19-886BCD364080}"
EndProject
Project("{9A19103F-16F7-4668-BE54-9A1E7A4F7556}") = "FirstDotNetCore3App", "FirstDotNetCore3App\FirstDotNetCore3App.csproj", "{2A63B26E-8316-465F-990E-7EA5C2AA22A7}"
EndProject
Project("{9A19103F-16F7-4668-BE54-9A1E7A4F7556}") = "DefaultInterfaceMethods", "DefaultInterfaceMethods\DefaultInterfaceMethods.csproj", "{85FCDCF5-E7EB-4423-B83C-BB0D45FCB3EC}"
EndProject
Project("{9A19103F-16F7-4668-BE54-9A1E7A4F7556}") = "RangesAndIndices", "RangesAndIndices\RangesAndIndices.csproj", "{1924FABE-9F0B-4500-A413-B90A7D989944}"
EndProject
Project("{9A19103F-16F7-4668-BE54-9A1E7A4F7556}") = "SharedLibrary", "SharedLibrary\SharedLibrary.csproj", "{55EA3E49-D477-440A-A0A3-25DB15F30935}"
EndProject
Project("{9A19103F-16F7-4668-BE54-9A1E7A4F7556}") = "TodoApp.ConsoleApp", "TodoApp.ConsoleApp\TodoApp.ConsoleApp.csproj", "{A576A3F3-229B-496F-BC54-47521068F0EA}"
EndProject
Project("{9A19103F-16F7-4668-BE54-9A1E7A4F7556}") = "BirdWatcher", "BirdWatcher\BirdWatcher.csproj", "{C4A0CCE8-E2D6-42CB-B4D1-132075343484}"
EndProject
Project("{9A19103F-16F7-4668-BE54-9A1E7A4F7556}") = "StaticLocalFunction", "StaticLocalFunction\StaticLocalFunction.csproj", "{1EC48A2A-C702-4BF2-AC33-FC65E1E2CBFE}"
EndProject
Project("{FAE04EC0-301F-11D3-BF4B-00C04F79EFBC}") = "UsingDeclarations", "UsingDeclarations\UsingDeclarations.csproj", "{42D18465-2A99-4D8B-B56E-44F5074DDCED}"
EndProject
Project("{FAE04EC0-301F-11D3-BF4B-00C04F79EFBC}") = "AsyncStreams", "AsyncStreams\AsyncStreams.csproj", "{C6E890E1-EBC6-42EF-BF9D-0215F599D9B4}"
EndProject
Project("{FAE04EC0-301F-11D3-BF4B-00C04F79EFBC}") = "EventsAndDelegates", "EventsAndDelegates\EventsAndDelegates.csproj", "{537CB18F-1524-4C2F-98AA-AD82D449D507}"
EndProject
Global
	GlobalSection(SolutionConfigurationPlatforms) = preSolution
		Debug|Any CPU = Debug|Any CPU
		Release|Any CPU = Release|Any CPU
	EndGlobalSection
	GlobalSection(ProjectConfigurationPlatforms) = postSolution
		{C035EAE7-B109-4080-B84C-C1F58411584C}.Debug|Any CPU.ActiveCfg = Debug|Any CPU
		{C035EAE7-B109-4080-B84C-C1F58411584C}.Debug|Any CPU.Build.0 = Debug|Any CPU
		{C035EAE7-B109-4080-B84C-C1F58411584C}.Release|Any CPU.ActiveCfg = Release|Any CPU
		{C035EAE7-B109-4080-B84C-C1F58411584C}.Release|Any CPU.Build.0 = Release|Any CPU
		{04FA9BEE-4A4C-4E4C-BC46-36C9AB2F812D}.Debug|Any CPU.ActiveCfg = Debug|Any CPU
		{04FA9BEE-4A4C-4E4C-BC46-36C9AB2F812D}.Debug|Any CPU.Build.0 = Debug|Any CPU
		{04FA9BEE-4A4C-4E4C-BC46-36C9AB2F812D}.Release|Any CPU.ActiveCfg = Release|Any CPU
		{04FA9BEE-4A4C-4E4C-BC46-36C9AB2F812D}.Release|Any CPU.Build.0 = Release|Any CPU
		{E6B99066-9528-4B5D-A720-2A88DD0568A6}.Debug|Any CPU.ActiveCfg = Debug|Any CPU
		{E6B99066-9528-4B5D-A720-2A88DD0568A6}.Debug|Any CPU.Build.0 = Debug|Any CPU
		{E6B99066-9528-4B5D-A720-2A88DD0568A6}.Release|Any CPU.ActiveCfg = Release|Any CPU
		{E6B99066-9528-4B5D-A720-2A88DD0568A6}.Release|Any CPU.Build.0 = Release|Any CPU
		{1823502F-F781-4C9C-AE8C-405B76D898FF}.Debug|Any CPU.ActiveCfg = Debug|Any CPU
		{1823502F-F781-4C9C-AE8C-405B76D898FF}.Debug|Any CPU.Build.0 = Debug|Any CPU
		{1823502F-F781-4C9C-AE8C-405B76D898FF}.Release|Any CPU.ActiveCfg = Release|Any CPU
		{1823502F-F781-4C9C-AE8C-405B76D898FF}.Release|Any CPU.Build.0 = Release|Any CPU
		{2A63B26E-8316-465F-990E-7EA5C2AA22A7}.Debug|Any CPU.ActiveCfg = Debug|Any CPU
		{2A63B26E-8316-465F-990E-7EA5C2AA22A7}.Debug|Any CPU.Build.0 = Debug|Any CPU
		{2A63B26E-8316-465F-990E-7EA5C2AA22A7}.Release|Any CPU.ActiveCfg = Release|Any CPU
		{2A63B26E-8316-465F-990E-7EA5C2AA22A7}.Release|Any CPU.Build.0 = Release|Any CPU
		{85FCDCF5-E7EB-4423-B83C-BB0D45FCB3EC}.Debug|Any CPU.ActiveCfg = Debug|Any CPU
		{85FCDCF5-E7EB-4423-B83C-BB0D45FCB3EC}.Debug|Any CPU.Build.0 = Debug|Any CPU
		{85FCDCF5-E7EB-4423-B83C-BB0D45FCB3EC}.Release|Any CPU.ActiveCfg = Release|Any CPU
		{85FCDCF5-E7EB-4423-B83C-BB0D45FCB3EC}.Release|Any CPU.Build.0 = Release|Any CPU
		{1924FABE-9F0B-4500-A413-B90A7D989944}.Debug|Any CPU.ActiveCfg = Debug|Any CPU
		{1924FABE-9F0B-4500-A413-B90A7D989944}.Debug|Any CPU.Build.0 = Debug|Any CPU
		{1924FABE-9F0B-4500-A413-B90A7D989944}.Release|Any CPU.ActiveCfg = Release|Any CPU
		{1924FABE-9F0B-4500-A413-B90A7D989944}.Release|Any CPU.Build.0 = Release|Any CPU
		{55EA3E49-D477-440A-A0A3-25DB15F30935}.Debug|Any CPU.ActiveCfg = Debug|Any CPU
		{55EA3E49-D477-440A-A0A3-25DB15F30935}.Debug|Any CPU.Build.0 = Debug|Any CPU
		{55EA3E49-D477-440A-A0A3-25DB15F30935}.Release|Any CPU.ActiveCfg = Release|Any CPU
		{55EA3E49-D477-440A-A0A3-25DB15F30935}.Release|Any CPU.Build.0 = Release|Any CPU
		{A576A3F3-229B-496F-BC54-47521068F0EA}.Debug|Any CPU.ActiveCfg = Debug|Any CPU
		{A576A3F3-229B-496F-BC54-47521068F0EA}.Debug|Any CPU.Build.0 = Debug|Any CPU
		{A576A3F3-229B-496F-BC54-47521068F0EA}.Release|Any CPU.ActiveCfg = Release|Any CPU
		{A576A3F3-229B-496F-BC54-47521068F0EA}.Release|Any CPU.Build.0 = Release|Any CPU
		{C4A0CCE8-E2D6-42CB-B4D1-132075343484}.Debug|Any CPU.ActiveCfg = Debug|Any CPU
		{C4A0CCE8-E2D6-42CB-B4D1-132075343484}.Debug|Any CPU.Build.0 = Debug|Any CPU
		{C4A0CCE8-E2D6-42CB-B4D1-132075343484}.Release|Any CPU.ActiveCfg = Release|Any CPU
		{C4A0CCE8-E2D6-42CB-B4D1-132075343484}.Release|Any CPU.Build.0 = Release|Any CPU
		{1EC48A2A-C702-4BF2-AC33-FC65E1E2CBFE}.Debug|Any CPU.ActiveCfg = Debug|Any CPU
		{1EC48A2A-C702-4BF2-AC33-FC65E1E2CBFE}.Debug|Any CPU.Build.0 = Debug|Any CPU
		{1EC48A2A-C702-4BF2-AC33-FC65E1E2CBFE}.Release|Any CPU.ActiveCfg = Release|Any CPU
		{1EC48A2A-C702-4BF2-AC33-FC65E1E2CBFE}.Release|Any CPU.Build.0 = Release|Any CPU
		{42D18465-2A99-4D8B-B56E-44F5074DDCED}.Debug|Any CPU.ActiveCfg = Debug|Any CPU
		{42D18465-2A99-4D8B-B56E-44F5074DDCED}.Debug|Any CPU.Build.0 = Debug|Any CPU
		{42D18465-2A99-4D8B-B56E-44F5074DDCED}.Release|Any CPU.ActiveCfg = Release|Any CPU
		{42D18465-2A99-4D8B-B56E-44F5074DDCED}.Release|Any CPU.Build.0 = Release|Any CPU
		{C6E890E1-EBC6-42EF-BF9D-0215F599D9B4}.Debug|Any CPU.ActiveCfg = Debug|Any CPU
		{C6E890E1-EBC6-42EF-BF9D-0215F599D9B4}.Debug|Any CPU.Build.0 = Debug|Any CPU
		{C6E890E1-EBC6-42EF-BF9D-0215F599D9B4}.Release|Any CPU.ActiveCfg = Release|Any CPU
		{C6E890E1-EBC6-42EF-BF9D-0215F599D9B4}.Release|Any CPU.Build.0 = Release|Any CPU
		{537CB18F-1524-4C2F-98AA-AD82D449D507}.Debug|Any CPU.ActiveCfg = Debug|Any CPU
		{537CB18F-1524-4C2F-98AA-AD82D449D507}.Debug|Any CPU.Build.0 = Debug|Any CPU
		{537CB18F-1524-4C2F-98AA-AD82D449D507}.Release|Any CPU.ActiveCfg = Release|Any CPU
		{537CB18F-1524-4C2F-98AA-AD82D449D507}.Release|Any CPU.Build.0 = Release|Any CPU
	EndGlobalSection
	GlobalSection(SolutionProperties) = preSolution
		HideSolutionNode = FALSE
	EndGlobalSection
	GlobalSection(NestedProjects) = preSolution
		{A576A3F3-229B-496F-BC54-47521068F0EA} = {AA6F2E88-D717-4A09-AB19-886BCD364080}
	EndGlobalSection
	GlobalSection(ExtensibilityGlobals) = postSolution
		SolutionGuid = {D9C8ECDE-9B88-47E1-9C10-0FBE795D1E8C}
	EndGlobalSection
EndGlobal
